
Microsoft Visual Studio Solution File, Format Version 12.00
# Visual Studio 15
VisualStudioVersion = 15.0.27703.2035
MinimumVisualStudioVersion = 10.0.40219.1
Project("{FAE04EC0-301F-11D3-BF4B-00C04F79EFBC}") = "CPI.Views", "CPI.Views\CPI.Views.csproj", "{B0D77618-31EF-43B1-98A0-01394EF32941}"
EndProject
Project("{2150E333-8FDC-42A3-9474-1A3956D46DE8}") = "Documents", "Documents", "{82B806E5-0D6E-4094-99BF-4FAE453E8A00}"
	ProjectSection(SolutionItems) = preProject
		Documents\TODO = Documents\TODO
	EndProjectSection
EndProject
Project("{2150E333-8FDC-42A3-9474-1A3956D46DE8}") = "Installer", "Installer", "{3B98C961-027B-4E07-A17D-FF643BE19F3E}"
EndProject
Project("{2150E333-8FDC-42A3-9474-1A3956D46DE8}") = "Projects", "Projects", "{56ABEBD6-99D0-48CA-851C-B1E68A4F8929}"
EndProject
Project("{54435603-DBB4-11D2-8724-00A0C9A8B90C}") = "Setup", "Setup\Setup.vdproj", "{F482260B-5C06-49F2-B501-1E4D6F0EDDBF}"
EndProject
Project("{2150E333-8FDC-42A3-9474-1A3956D46DE8}") = "Tests", "Tests", "{F4BFFC83-A12B-4065-B132-AF52BB4725F5}"
EndProject
Project("{FAE04EC0-301F-11D3-BF4B-00C04F79EFBC}") = "CPI.ViewModels", "CPI.ViewModels\CPI.ViewModels.csproj", "{32088EF5-B249-4964-90A5-F78FFBA7849A}"
EndProject
Project("{FAE04EC0-301F-11D3-BF4B-00C04F79EFBC}") = "CPI.Server", "CPI.Server\CPI.Server.csproj", "{E9F7CFA9-1408-49EC-8E23-C255F6DADC01}"
EndProject
Project("{FAE04EC0-301F-11D3-BF4B-00C04F79EFBC}") = "CPI.Models", "CPI.Models\CPI.Models.csproj", "{5D792C8A-5250-427A-A64B-F85E510626C8}"
EndProject
Project("{FAE04EC0-301F-11D3-BF4B-00C04F79EFBC}") = "CPI.Interfaces", "CPI.Interfaces\CPI.Interfaces.csproj", "{7D705593-2CD0-416B-A9C2-BF4F8A64E0AB}"
EndProject
Project("{FAE04EC0-301F-11D3-BF4B-00C04F79EFBC}") = "CPI.DTO", "CPI.DTO\CPI.DTO.csproj", "{380C7305-ED98-415D-9809-6D93C675F4A4}"
EndProject
Project("{FAE04EC0-301F-11D3-BF4B-00C04F79EFBC}") = "CircularGauge", "CircularGauge\CircularGauge.csproj", "{6EFD5895-177B-4BBB-AF52-29F4D53B3FBD}"
EndProject
Project("{FAE04EC0-301F-11D3-BF4B-00C04F79EFBC}") = "Controls", "Controls\Controls.csproj", "{556621F3-FC19-4A20-BC27-AEEAB6BFCADB}"
EndProject
Global
	GlobalSection(SolutionConfigurationPlatforms) = preSolution
		Debug|Any CPU = Debug|Any CPU
		Release|Any CPU = Release|Any CPU
	EndGlobalSection
	GlobalSection(ProjectConfigurationPlatforms) = postSolution
		{B0D77618-31EF-43B1-98A0-01394EF32941}.Debug|Any CPU.ActiveCfg = Debug|Any CPU
		{B0D77618-31EF-43B1-98A0-01394EF32941}.Debug|Any CPU.Build.0 = Debug|Any CPU
		{B0D77618-31EF-43B1-98A0-01394EF32941}.Release|Any CPU.ActiveCfg = Release|Any CPU
		{B0D77618-31EF-43B1-98A0-01394EF32941}.Release|Any CPU.Build.0 = Release|Any CPU
		{F482260B-5C06-49F2-B501-1E4D6F0EDDBF}.Debug|Any CPU.ActiveCfg = Debug
		{F482260B-5C06-49F2-B501-1E4D6F0EDDBF}.Release|Any CPU.ActiveCfg = Release
		{32088EF5-B249-4964-90A5-F78FFBA7849A}.Debug|Any CPU.ActiveCfg = Debug|Any CPU
		{32088EF5-B249-4964-90A5-F78FFBA7849A}.Debug|Any CPU.Build.0 = Debug|Any CPU
		{32088EF5-B249-4964-90A5-F78FFBA7849A}.Release|Any CPU.ActiveCfg = Release|Any CPU
		{32088EF5-B249-4964-90A5-F78FFBA7849A}.Release|Any CPU.Build.0 = Release|Any CPU
		{E9F7CFA9-1408-49EC-8E23-C255F6DADC01}.Debug|Any CPU.ActiveCfg = Debug|Any CPU
		{E9F7CFA9-1408-49EC-8E23-C255F6DADC01}.Debug|Any CPU.Build.0 = Debug|Any CPU
		{E9F7CFA9-1408-49EC-8E23-C255F6DADC01}.Release|Any CPU.ActiveCfg = Release|Any CPU
		{E9F7CFA9-1408-49EC-8E23-C255F6DADC01}.Release|Any CPU.Build.0 = Release|Any CPU
		{5D792C8A-5250-427A-A64B-F85E510626C8}.Debug|Any CPU.ActiveCfg = Debug|Any CPU
		{5D792C8A-5250-427A-A64B-F85E510626C8}.Debug|Any CPU.Build.0 = Debug|Any CPU
		{5D792C8A-5250-427A-A64B-F85E510626C8}.Release|Any CPU.ActiveCfg = Release|Any CPU
		{5D792C8A-5250-427A-A64B-F85E510626C8}.Release|Any CPU.Build.0 = Release|Any CPU
		{7D705593-2CD0-416B-A9C2-BF4F8A64E0AB}.Debug|Any CPU.ActiveCfg = Debug|Any CPU
		{7D705593-2CD0-416B-A9C2-BF4F8A64E0AB}.Debug|Any CPU.Build.0 = Debug|Any CPU
		{7D705593-2CD0-416B-A9C2-BF4F8A64E0AB}.Release|Any CPU.ActiveCfg = Release|Any CPU
		{7D705593-2CD0-416B-A9C2-BF4F8A64E0AB}.Release|Any CPU.Build.0 = Release|Any CPU
		{380C7305-ED98-415D-9809-6D93C675F4A4}.Debug|Any CPU.ActiveCfg = Debug|Any CPU
		{380C7305-ED98-415D-9809-6D93C675F4A4}.Debug|Any CPU.Build.0 = Debug|Any CPU
		{380C7305-ED98-415D-9809-6D93C675F4A4}.Release|Any CPU.ActiveCfg = Release|Any CPU
		{380C7305-ED98-415D-9809-6D93C675F4A4}.Release|Any CPU.Build.0 = Release|Any CPU
		{6EFD5895-177B-4BBB-AF52-29F4D53B3FBD}.Debug|Any CPU.ActiveCfg = Debug|Any CPU
		{6EFD5895-177B-4BBB-AF52-29F4D53B3FBD}.Debug|Any CPU.Build.0 = Debug|Any CPU
		{6EFD5895-177B-4BBB-AF52-29F4D53B3FBD}.Release|Any CPU.ActiveCfg = Release|Any CPU
		{6EFD5895-177B-4BBB-AF52-29F4D53B3FBD}.Release|Any CPU.Build.0 = Release|Any CPU
		{556621F3-FC19-4A20-BC27-AEEAB6BFCADB}.Debug|Any CPU.ActiveCfg = Debug|Any CPU
		{556621F3-FC19-4A20-BC27-AEEAB6BFCADB}.Debug|Any CPU.Build.0 = Debug|Any CPU
		{556621F3-FC19-4A20-BC27-AEEAB6BFCADB}.Release|Any CPU.ActiveCfg = Release|Any CPU
		{556621F3-FC19-4A20-BC27-AEEAB6BFCADB}.Release|Any CPU.Build.0 = Release|Any CPU
	EndGlobalSection
	GlobalSection(SolutionProperties) = preSolution
		HideSolutionNode = FALSE
	EndGlobalSection
	GlobalSection(NestedProjects) = preSolution
		{B0D77618-31EF-43B1-98A0-01394EF32941} = {56ABEBD6-99D0-48CA-851C-B1E68A4F8929}
		{F482260B-5C06-49F2-B501-1E4D6F0EDDBF} = {3B98C961-027B-4E07-A17D-FF643BE19F3E}
		{32088EF5-B249-4964-90A5-F78FFBA7849A} = {56ABEBD6-99D0-48CA-851C-B1E68A4F8929}
		{E9F7CFA9-1408-49EC-8E23-C255F6DADC01} = {56ABEBD6-99D0-48CA-851C-B1E68A4F8929}
		{5D792C8A-5250-427A-A64B-F85E510626C8} = {56ABEBD6-99D0-48CA-851C-B1E68A4F8929}
		{7D705593-2CD0-416B-A9C2-BF4F8A64E0AB} = {56ABEBD6-99D0-48CA-851C-B1E68A4F8929}
		{380C7305-ED98-415D-9809-6D93C675F4A4} = {56ABEBD6-99D0-48CA-851C-B1E68A4F8929}
		{6EFD5895-177B-4BBB-AF52-29F4D53B3FBD} = {56ABEBD6-99D0-48CA-851C-B1E68A4F8929}
		{556621F3-FC19-4A20-BC27-AEEAB6BFCADB} = {56ABEBD6-99D0-48CA-851C-B1E68A4F8929}
	EndGlobalSection
	GlobalSection(ExtensibilityGlobals) = postSolution
		SolutionGuid = {5FD79DD4-55C8-4B9A-B750-1B99C7C15C7F}
	EndGlobalSection
EndGlobal
